
Microsoft Visual Studio Solution File, Format Version 12.00
# Visual Studio Version 16
VisualStudioVersion = 16.0.33130.400
MinimumVisualStudioVersion = 10.0.40219.1
Project("{FAE04EC0-301F-11D3-BF4B-00C04F79EFBC}") = "WindowsFormsApp5", "WindowsFormsApp5\WindowsFormsApp5.csproj", "{3A97B963-004F-474E-AFB3-F119D216EEBD}"
EndProject
Global
	GlobalSection(SolutionConfigurationPlatforms) = preSolution
		Debug|Any CPU = Debug|Any CPU
		Release|Any CPU = Release|Any CPU
	EndGlobalSection
	GlobalSection(ProjectConfigurationPlatforms) = postSolution
		{3A97B963-004F-474E-AFB3-F119D216EEBD}.Debug|Any CPU.ActiveCfg = Debug|Any CPU
		{3A97B963-004F-474E-AFB3-F119D216EEBD}.Debug|Any CPU.Build.0 = Debug|Any CPU
		{3A97B963-004F-474E-AFB3-F119D216EEBD}.Release|Any CPU.ActiveCfg = Release|Any CPU
		{3A97B963-004F-474E-AFB3-F119D216EEBD}.Release|Any CPU.Build.0 = Release|Any CPU
	EndGlobalSection
	GlobalSection(SolutionProperties) = preSolution
		HideSolutionNode = FALSE
	EndGlobalSection
	GlobalSection(ExtensibilityGlobals) = postSolution
		SolutionGuid = {61FEC070-5853-4800-9833-8E3FD26D468B}
	EndGlobalSection
EndGlobal
