
Microsoft Visual Studio Solution File, Format Version 12.00
# Visual Studio Version 16
VisualStudioVersion = 16.0.33130.400
MinimumVisualStudioVersion = 10.0.40219.1
Project("{FAE04EC0-301F-11D3-BF4B-00C04F79EFBC}") = "WindowsFormsApp2", "WindowsFormsApp2\WindowsFormsApp2.csproj", "{C4FF18B0-C946-415C-92AE-BE33167ABD5D}"
EndProject
Global
	GlobalSection(SolutionConfigurationPlatforms) = preSolution
		Debug|Any CPU = Debug|Any CPU
		Release|Any CPU = Release|Any CPU
	EndGlobalSection
	GlobalSection(ProjectConfigurationPlatforms) = postSolution
		{C4FF18B0-C946-415C-92AE-BE33167ABD5D}.Debug|Any CPU.ActiveCfg = Debug|Any CPU
		{C4FF18B0-C946-415C-92AE-BE33167ABD5D}.Debug|Any CPU.Build.0 = Debug|Any CPU
		{C4FF18B0-C946-415C-92AE-BE33167ABD5D}.Release|Any CPU.ActiveCfg = Release|Any CPU
		{C4FF18B0-C946-415C-92AE-BE33167ABD5D}.Release|Any CPU.Build.0 = Release|Any CPU
	EndGlobalSection
	GlobalSection(SolutionProperties) = preSolution
		HideSolutionNode = FALSE
	EndGlobalSection
	GlobalSection(ExtensibilityGlobals) = postSolution
		SolutionGuid = {57D9953F-0E4F-44EF-B340-1E17C5355C73}
	EndGlobalSection
EndGlobal
